
Microsoft Visual Studio Solution File, Format Version 12.00
# Visual Studio Version 16
VisualStudioVersion = 16.0.28606.126
MinimumVisualStudioVersion = 10.0.40219.1
Project("{2150E333-8FDC-42A3-9474-1A3956D46DE8}") = "Solution Items", "Solution Items", "{A6C670D8-FE3F-4A58-A77C-0BAE29E161DC}"
	ProjectSection(SolutionItems) = preProject
		.gitignore = .gitignore
		Directory.Build.props = Directory.Build.props
		LICENSE = LICENSE
		README.md = README.md
	EndProjectSection
EndProject
Project("{2150E333-8FDC-42A3-9474-1A3956D46DE8}") = "src", "src", "{3223E91F-E9A3-4A36-A5E1-F2C009D67FBB}"
EndProject
Project("{9A19103F-16F7-4668-BE54-9A1E7A4F7556}") = "AI4E.AspNetCore.Components.Routing", "src\AI4E.AspNetCore.Components.Routing\AI4E.AspNetCore.Components.Routing.csproj", "{FECFA794-DFA7-481B-8276-653553EFC402}"
EndProject
Project("{2150E333-8FDC-42A3-9474-1A3956D46DE8}") = "samples", "samples", "{9C031D20-5627-4DFD-BFC4-9B4E63C93BFA}"
EndProject
Project("{9A19103F-16F7-4668-BE54-9A1E7A4F7556}") = "Routing.DefaultRouterSample", "samples\Routing.DefaultRouterSample\Routing.DefaultRouterSample\Routing.DefaultRouterSample.csproj", "{28855B8A-6A23-45E9-BC3B-A9998680474A}"
EndProject
Project("{9A19103F-16F7-4668-BE54-9A1E7A4F7556}") = "AI4E.AspNetCore.Blazor.Logging", "src\AI4E.AspNetCore.Blazor.Logging\AI4E.AspNetCore.Blazor.Logging.csproj", "{10232748-8F67-41F7-84C1-FA4F70558265}"
EndProject
Project("{2150E333-8FDC-42A3-9474-1A3956D46DE8}") = "Logging.Sample", "Logging.Sample", "{A1DEE546-F1F3-48B7-B7AC-5285A418AD6B}"
EndProject
Project("{9A19103F-16F7-4668-BE54-9A1E7A4F7556}") = "Logging.Sample.Client", "samples\Logging.Sample\Logging.Sample.Client\Logging.Sample.Client.csproj", "{CCA28E42-C2B3-4D3B-9B03-7496D7FA43F3}"
EndProject
Project("{9A19103F-16F7-4668-BE54-9A1E7A4F7556}") = "Logging.Sample.Server", "samples\Logging.Sample\Logging.Sample.Server\Logging.Sample.Server.csproj", "{E43032DF-99FD-4F62-A7D2-A11F433DAF81}"
EndProject
Project("{2150E333-8FDC-42A3-9474-1A3956D46DE8}") = "Routing.ModularRouterSample", "Routing.ModularRouterSample", "{8D77D66F-349F-46DF-A893-CBB206C6A953}"
EndProject
Project("{9A19103F-16F7-4668-BE54-9A1E7A4F7556}") = "Routing.ModularRouterSample", "samples\Routing.ModularRouterSample\Routing.ModularRouterSample\Routing.ModularRouterSample.csproj", "{6C6635D8-73FB-4E0D-9E7B-E5DAF00E5F43}"
EndProject
Project("{9A19103F-16F7-4668-BE54-9A1E7A4F7556}") = "Routing.ModularRouterSample.Plugin", "samples\Routing.ModularRouterSample\Routing.ModularRouterSample.Plugin\Routing.ModularRouterSample.Plugin.csproj", "{4F53A251-A4C7-4C8B-AD74-62014A1CA4C8}"
EndProject
Project("{9A19103F-16F7-4668-BE54-9A1E7A4F7556}") = "AI4E.AspNetCore.Components.Extensibility", "src\AI4E.AspNetCore.Components.Extensibility\AI4E.AspNetCore.Components.Extensibility.csproj", "{CBF2D14C-E964-459A-ADF1-665868A3F3A3}"
EndProject
Project("{9A19103F-16F7-4668-BE54-9A1E7A4F7556}") = "Routing.ModularRouterSample.Shared", "samples\Routing.ModularRouterSample\Routing.ModularRouterSample.Shared\Routing.ModularRouterSample.Shared.csproj", "{0E639B8A-BAD4-41E1-959A-A9258FE6330D}"
EndProject
Project("{9A19103F-16F7-4668-BE54-9A1E7A4F7556}") = "AI4E.AspNetCore.Blazor.SignalR", "src\AI4E.AspNetCore.Blazor.SignalR\AI4E.AspNetCore.Blazor.SignalR.csproj", "{1D31FB8F-C877-4A50-B438-E17045CADE50}"
EndProject
Project("{2150E333-8FDC-42A3-9474-1A3956D46DE8}") = "SignalR.Sample", "SignalR.Sample", "{53DF75A1-ABE7-4C9A-8AA2-DFE5684EC0F3}"
EndProject
Project("{9A19103F-16F7-4668-BE54-9A1E7A4F7556}") = "SignalR.Sample.Server", "samples\SignalR.Sample\SignalR.Sample.Server\SignalR.Sample.Server.csproj", "{3A868230-E454-4129-B19E-1756ABD42D5D}"
EndProject
Project("{9A19103F-16F7-4668-BE54-9A1E7A4F7556}") = "SignalR.Sample.App", "samples\SignalR.Sample\SignalR.Sample.App\SignalR.Sample.App.csproj", "{D47CAA82-81D0-4B97-A475-FD46AB3E360C}"
EndProject
Global
	GlobalSection(SolutionConfigurationPlatforms) = preSolution
		Debug|Any CPU = Debug|Any CPU
		Release|Any CPU = Release|Any CPU
	EndGlobalSection
	GlobalSection(ProjectConfigurationPlatforms) = postSolution
		{FECFA794-DFA7-481B-8276-653553EFC402}.Debug|Any CPU.ActiveCfg = Debug|Any CPU
		{FECFA794-DFA7-481B-8276-653553EFC402}.Debug|Any CPU.Build.0 = Debug|Any CPU
		{FECFA794-DFA7-481B-8276-653553EFC402}.Release|Any CPU.ActiveCfg = Release|Any CPU
		{FECFA794-DFA7-481B-8276-653553EFC402}.Release|Any CPU.Build.0 = Release|Any CPU
		{28855B8A-6A23-45E9-BC3B-A9998680474A}.Debug|Any CPU.ActiveCfg = Debug|Any CPU
		{28855B8A-6A23-45E9-BC3B-A9998680474A}.Debug|Any CPU.Build.0 = Debug|Any CPU
		{28855B8A-6A23-45E9-BC3B-A9998680474A}.Release|Any CPU.ActiveCfg = Release|Any CPU
		{28855B8A-6A23-45E9-BC3B-A9998680474A}.Release|Any CPU.Build.0 = Release|Any CPU
		{10232748-8F67-41F7-84C1-FA4F70558265}.Debug|Any CPU.ActiveCfg = Debug|Any CPU
		{10232748-8F67-41F7-84C1-FA4F70558265}.Debug|Any CPU.Build.0 = Debug|Any CPU
		{10232748-8F67-41F7-84C1-FA4F70558265}.Release|Any CPU.ActiveCfg = Release|Any CPU
		{10232748-8F67-41F7-84C1-FA4F70558265}.Release|Any CPU.Build.0 = Release|Any CPU
		{CCA28E42-C2B3-4D3B-9B03-7496D7FA43F3}.Debug|Any CPU.ActiveCfg = Debug|Any CPU
		{CCA28E42-C2B3-4D3B-9B03-7496D7FA43F3}.Debug|Any CPU.Build.0 = Debug|Any CPU
		{CCA28E42-C2B3-4D3B-9B03-7496D7FA43F3}.Release|Any CPU.ActiveCfg = Release|Any CPU
		{CCA28E42-C2B3-4D3B-9B03-7496D7FA43F3}.Release|Any CPU.Build.0 = Release|Any CPU
		{E43032DF-99FD-4F62-A7D2-A11F433DAF81}.Debug|Any CPU.ActiveCfg = Debug|Any CPU
		{E43032DF-99FD-4F62-A7D2-A11F433DAF81}.Debug|Any CPU.Build.0 = Debug|Any CPU
		{E43032DF-99FD-4F62-A7D2-A11F433DAF81}.Release|Any CPU.ActiveCfg = Release|Any CPU
		{E43032DF-99FD-4F62-A7D2-A11F433DAF81}.Release|Any CPU.Build.0 = Release|Any CPU
		{6C6635D8-73FB-4E0D-9E7B-E5DAF00E5F43}.Debug|Any CPU.ActiveCfg = Debug|Any CPU
		{6C6635D8-73FB-4E0D-9E7B-E5DAF00E5F43}.Debug|Any CPU.Build.0 = Debug|Any CPU
		{6C6635D8-73FB-4E0D-9E7B-E5DAF00E5F43}.Release|Any CPU.ActiveCfg = Release|Any CPU
		{6C6635D8-73FB-4E0D-9E7B-E5DAF00E5F43}.Release|Any CPU.Build.0 = Release|Any CPU
		{4F53A251-A4C7-4C8B-AD74-62014A1CA4C8}.Debug|Any CPU.ActiveCfg = Debug|Any CPU
		{4F53A251-A4C7-4C8B-AD74-62014A1CA4C8}.Debug|Any CPU.Build.0 = Debug|Any CPU
		{4F53A251-A4C7-4C8B-AD74-62014A1CA4C8}.Release|Any CPU.ActiveCfg = Release|Any CPU
		{4F53A251-A4C7-4C8B-AD74-62014A1CA4C8}.Release|Any CPU.Build.0 = Release|Any CPU
		{CBF2D14C-E964-459A-ADF1-665868A3F3A3}.Debug|Any CPU.ActiveCfg = Debug|Any CPU
		{CBF2D14C-E964-459A-ADF1-665868A3F3A3}.Debug|Any CPU.Build.0 = Debug|Any CPU
		{CBF2D14C-E964-459A-ADF1-665868A3F3A3}.Release|Any CPU.ActiveCfg = Release|Any CPU
		{CBF2D14C-E964-459A-ADF1-665868A3F3A3}.Release|Any CPU.Build.0 = Release|Any CPU
		{0E639B8A-BAD4-41E1-959A-A9258FE6330D}.Debug|Any CPU.ActiveCfg = Debug|Any CPU
		{0E639B8A-BAD4-41E1-959A-A9258FE6330D}.Debug|Any CPU.Build.0 = Debug|Any CPU
		{0E639B8A-BAD4-41E1-959A-A9258FE6330D}.Release|Any CPU.ActiveCfg = Release|Any CPU
		{0E639B8A-BAD4-41E1-959A-A9258FE6330D}.Release|Any CPU.Build.0 = Release|Any CPU
		{1D31FB8F-C877-4A50-B438-E17045CADE50}.Debug|Any CPU.ActiveCfg = Debug|Any CPU
		{1D31FB8F-C877-4A50-B438-E17045CADE50}.Debug|Any CPU.Build.0 = Debug|Any CPU
		{1D31FB8F-C877-4A50-B438-E17045CADE50}.Release|Any CPU.ActiveCfg = Release|Any CPU
		{1D31FB8F-C877-4A50-B438-E17045CADE50}.Release|Any CPU.Build.0 = Release|Any CPU
		{3A868230-E454-4129-B19E-1756ABD42D5D}.Debug|Any CPU.ActiveCfg = Debug|Any CPU
		{3A868230-E454-4129-B19E-1756ABD42D5D}.Debug|Any CPU.Build.0 = Debug|Any CPU
		{3A868230-E454-4129-B19E-1756ABD42D5D}.Release|Any CPU.ActiveCfg = Release|Any CPU
		{3A868230-E454-4129-B19E-1756ABD42D5D}.Release|Any CPU.Build.0 = Release|Any CPU
		{D47CAA82-81D0-4B97-A475-FD46AB3E360C}.Debug|Any CPU.ActiveCfg = Debug|Any CPU
		{D47CAA82-81D0-4B97-A475-FD46AB3E360C}.Debug|Any CPU.Build.0 = Debug|Any CPU
		{D47CAA82-81D0-4B97-A475-FD46AB3E360C}.Release|Any CPU.ActiveCfg = Release|Any CPU
		{D47CAA82-81D0-4B97-A475-FD46AB3E360C}.Release|Any CPU.Build.0 = Release|Any CPU
	EndGlobalSection
	GlobalSection(SolutionProperties) = preSolution
		HideSolutionNode = FALSE
	EndGlobalSection
	GlobalSection(NestedProjects) = preSolution
		{FECFA794-DFA7-481B-8276-653553EFC402} = {3223E91F-E9A3-4A36-A5E1-F2C009D67FBB}
		{28855B8A-6A23-45E9-BC3B-A9998680474A} = {9C031D20-5627-4DFD-BFC4-9B4E63C93BFA}
		{10232748-8F67-41F7-84C1-FA4F70558265} = {3223E91F-E9A3-4A36-A5E1-F2C009D67FBB}
		{A1DEE546-F1F3-48B7-B7AC-5285A418AD6B} = {9C031D20-5627-4DFD-BFC4-9B4E63C93BFA}
		{CCA28E42-C2B3-4D3B-9B03-7496D7FA43F3} = {A1DEE546-F1F3-48B7-B7AC-5285A418AD6B}
		{E43032DF-99FD-4F62-A7D2-A11F433DAF81} = {A1DEE546-F1F3-48B7-B7AC-5285A418AD6B}
		{8D77D66F-349F-46DF-A893-CBB206C6A953} = {9C031D20-5627-4DFD-BFC4-9B4E63C93BFA}
		{6C6635D8-73FB-4E0D-9E7B-E5DAF00E5F43} = {8D77D66F-349F-46DF-A893-CBB206C6A953}
		{4F53A251-A4C7-4C8B-AD74-62014A1CA4C8} = {8D77D66F-349F-46DF-A893-CBB206C6A953}
		{CBF2D14C-E964-459A-ADF1-665868A3F3A3} = {3223E91F-E9A3-4A36-A5E1-F2C009D67FBB}
		{0E639B8A-BAD4-41E1-959A-A9258FE6330D} = {8D77D66F-349F-46DF-A893-CBB206C6A953}
		{1D31FB8F-C877-4A50-B438-E17045CADE50} = {3223E91F-E9A3-4A36-A5E1-F2C009D67FBB}
		{53DF75A1-ABE7-4C9A-8AA2-DFE5684EC0F3} = {9C031D20-5627-4DFD-BFC4-9B4E63C93BFA}
		{3A868230-E454-4129-B19E-1756ABD42D5D} = {53DF75A1-ABE7-4C9A-8AA2-DFE5684EC0F3}
		{D47CAA82-81D0-4B97-A475-FD46AB3E360C} = {53DF75A1-ABE7-4C9A-8AA2-DFE5684EC0F3}
	EndGlobalSection
	GlobalSection(ExtensibilityGlobals) = postSolution
		SolutionGuid = {D8030DD9-09A2-4F79-92CD-8B7751913317}
	EndGlobalSection
EndGlobal
